
Microsoft Visual Studio Solution File, Format Version 12.00
# Visual Studio Version 17
VisualStudioVersion = 17.3.32929.385
MinimumVisualStudioVersion = 10.0.40219.1
Project("{FAE04EC0-301F-11D3-BF4B-00C04F79EFBC}") = "OOPDemo", "OOPDemo\OOPDemo.csproj", "{75B8225A-6720-45C5-BB53-3A3CD20EB5C7}"
EndProject
Project("{FAE04EC0-301F-11D3-BF4B-00C04F79EFBC}") = "ThreadingDemo", "ThreadingDemo\ThreadingDemo.csproj", "{0C29E5D6-345B-4924-BA93-B9222467F8D9}"
EndProject
Project("{FAE04EC0-301F-11D3-BF4B-00C04F79EFBC}") = "Playground", "Playground\Playground.csproj", "{613EBB6E-192E-4628-9534-3683A2850406}"
EndProject
Project("{FAE04EC0-301F-11D3-BF4B-00C04F79EFBC}") = "KTSession", "KTSession\KTSession.csproj", "{3B211AC4-EC8D-4B7C-B0AB-8C151C55FE1D}"
EndProject
Project("{9A19103F-16F7-4668-BE54-9A1E7A4F7556}") = "NetCoreExample", "NetCoreExample\NetCoreExample.csproj", "{47FAE49A-8567-42CF-A539-93C7F922016E}"
EndProject
Project("{FAE04EC0-301F-11D3-BF4B-00C04F79EFBC}") = "ConsoleUI", "..\..\..\Downloads\AccessModifierDemo\AccessModifierDemo_End\ConsoleUI\ConsoleUI.csproj", "{702588C5-2008-404A-B5B2-7AD26A929F09}"
EndProject
Project("{FAE04EC0-301F-11D3-BF4B-00C04F79EFBC}") = "DemoLibrary", "..\..\..\Downloads\AccessModifierDemo\AccessModifierDemo_End\DemoLibrary\DemoLibrary.csproj", "{A8A2D9DC-1F3D-4E79-A1FD-DF94CE911D3B}"
EndProject
Global
	GlobalSection(SolutionConfigurationPlatforms) = preSolution
		Debug|Any CPU = Debug|Any CPU
		Release|Any CPU = Release|Any CPU
	EndGlobalSection
	GlobalSection(ProjectConfigurationPlatforms) = postSolution
		{75B8225A-6720-45C5-BB53-3A3CD20EB5C7}.Debug|Any CPU.ActiveCfg = Debug|Any CPU
		{75B8225A-6720-45C5-BB53-3A3CD20EB5C7}.Debug|Any CPU.Build.0 = Debug|Any CPU
		{75B8225A-6720-45C5-BB53-3A3CD20EB5C7}.Release|Any CPU.ActiveCfg = Release|Any CPU
		{75B8225A-6720-45C5-BB53-3A3CD20EB5C7}.Release|Any CPU.Build.0 = Release|Any CPU
		{0C29E5D6-345B-4924-BA93-B9222467F8D9}.Debug|Any CPU.ActiveCfg = Debug|Any CPU
		{0C29E5D6-345B-4924-BA93-B9222467F8D9}.Debug|Any CPU.Build.0 = Debug|Any CPU
		{0C29E5D6-345B-4924-BA93-B9222467F8D9}.Release|Any CPU.ActiveCfg = Release|Any CPU
		{0C29E5D6-345B-4924-BA93-B9222467F8D9}.Release|Any CPU.Build.0 = Release|Any CPU
		{613EBB6E-192E-4628-9534-3683A2850406}.Debug|Any CPU.ActiveCfg = Debug|Any CPU
		{613EBB6E-192E-4628-9534-3683A2850406}.Debug|Any CPU.Build.0 = Debug|Any CPU
		{613EBB6E-192E-4628-9534-3683A2850406}.Release|Any CPU.ActiveCfg = Release|Any CPU
		{613EBB6E-192E-4628-9534-3683A2850406}.Release|Any CPU.Build.0 = Release|Any CPU
		{3B211AC4-EC8D-4B7C-B0AB-8C151C55FE1D}.Debug|Any CPU.ActiveCfg = Debug|Any CPU
		{3B211AC4-EC8D-4B7C-B0AB-8C151C55FE1D}.Debug|Any CPU.Build.0 = Debug|Any CPU
		{3B211AC4-EC8D-4B7C-B0AB-8C151C55FE1D}.Release|Any CPU.ActiveCfg = Release|Any CPU
		{3B211AC4-EC8D-4B7C-B0AB-8C151C55FE1D}.Release|Any CPU.Build.0 = Release|Any CPU
		{47FAE49A-8567-42CF-A539-93C7F922016E}.Debug|Any CPU.ActiveCfg = Debug|Any CPU
		{47FAE49A-8567-42CF-A539-93C7F922016E}.Debug|Any CPU.Build.0 = Debug|Any CPU
		{47FAE49A-8567-42CF-A539-93C7F922016E}.Release|Any CPU.ActiveCfg = Release|Any CPU
		{47FAE49A-8567-42CF-A539-93C7F922016E}.Release|Any CPU.Build.0 = Release|Any CPU
		{702588C5-2008-404A-B5B2-7AD26A929F09}.Debug|Any CPU.ActiveCfg = Debug|Any CPU
		{702588C5-2008-404A-B5B2-7AD26A929F09}.Debug|Any CPU.Build.0 = Debug|Any CPU
		{702588C5-2008-404A-B5B2-7AD26A929F09}.Release|Any CPU.ActiveCfg = Release|Any CPU
		{702588C5-2008-404A-B5B2-7AD26A929F09}.Release|Any CPU.Build.0 = Release|Any CPU
		{A8A2D9DC-1F3D-4E79-A1FD-DF94CE911D3B}.Debug|Any CPU.ActiveCfg = Debug|Any CPU
		{A8A2D9DC-1F3D-4E79-A1FD-DF94CE911D3B}.Debug|Any CPU.Build.0 = Debug|Any CPU
		{A8A2D9DC-1F3D-4E79-A1FD-DF94CE911D3B}.Release|Any CPU.ActiveCfg = Release|Any CPU
		{A8A2D9DC-1F3D-4E79-A1FD-DF94CE911D3B}.Release|Any CPU.Build.0 = Release|Any CPU
	EndGlobalSection
	GlobalSection(SolutionProperties) = preSolution
		HideSolutionNode = FALSE
	EndGlobalSection
	GlobalSection(ExtensibilityGlobals) = postSolution
		SolutionGuid = {5BB44517-69E4-4566-AB2B-3583919A67C1}
	EndGlobalSection
EndGlobal
