
Microsoft Visual Studio Solution File, Format Version 12.00
# Visual Studio Version 17
VisualStudioVersion = 17.3.32929.385
MinimumVisualStudioVersion = 10.0.40219.1
Project("{FAE04EC0-301F-11D3-BF4B-00C04F79EFBC}") = "StaticKeywordDemo", "StaticKeywordDemo\StaticKeywordDemo.csproj", "{3F778F3E-6B46-440D-9BF5-2EB69932C8BA}"
EndProject
Global
	GlobalSection(SolutionConfigurationPlatforms) = preSolution
		Debug|Any CPU = Debug|Any CPU
		Release|Any CPU = Release|Any CPU
	EndGlobalSection
	GlobalSection(ProjectConfigurationPlatforms) = postSolution
		{3F778F3E-6B46-440D-9BF5-2EB69932C8BA}.Debug|Any CPU.ActiveCfg = Debug|Any CPU
		{3F778F3E-6B46-440D-9BF5-2EB69932C8BA}.Debug|Any CPU.Build.0 = Debug|Any CPU
		{3F778F3E-6B46-440D-9BF5-2EB69932C8BA}.Release|Any CPU.ActiveCfg = Release|Any CPU
		{3F778F3E-6B46-440D-9BF5-2EB69932C8BA}.Release|Any CPU.Build.0 = Release|Any CPU
	EndGlobalSection
	GlobalSection(SolutionProperties) = preSolution
		HideSolutionNode = FALSE
	EndGlobalSection
	GlobalSection(ExtensibilityGlobals) = postSolution
		SolutionGuid = {5BB44517-69E4-4566-AB2B-3583919A67C1}
	EndGlobalSection
EndGlobal
